
Microsoft Visual Studio Solution File, Format Version 12.00
# Visual Studio Version 17
VisualStudioVersion = 17.1.32407.343
MinimumVisualStudioVersion = 10.0.40219.1
Project("{8BC9CEB8-8B4A-11D0-8D11-00A0C91BC942}") = "MyChess", "C:\Users\yamsh\Desktop\git\console-first-projects\console-chess\MyChess\MyChess.vcxproj", "{B73237AF-1631-42B9-AF69-E0BBD5F59CA6}"
EndProject
Project("{8BC9CEB8-8B4A-11D0-8D11-00A0C91BC942}") = "BlackJack", "BlackJack\BlackJack.vcxproj", "{1DCBD81F-40A3-45B9-B770-C3D05107D89F}"
EndProject
Project("{8BC9CEB8-8B4A-11D0-8D11-00A0C91BC942}") = "WithMonsters", "WithMonsters\WithMonsters.vcxproj", "{9A04A062-3708-41A8-9274-61309FEC5DEF}"
EndProject
Project("{8BC9CEB8-8B4A-11D0-8D11-00A0C91BC942}") = "Hangman", "Hangman\Hangman.vcxproj", "{C9AE97D8-9D4F-4681-A0C7-5387041D925B}"
EndProject
Project("{8BC9CEB8-8B4A-11D0-8D11-00A0C91BC942}") = "MatrixCalculator", "MatrixCalculator\MatrixCalculator.vcxproj", "{E8BF7001-9E70-4EC1-9EB4-09A7BAA92034}"
EndProject
Project("{8BC9CEB8-8B4A-11D0-8D11-00A0C91BC942}") = "CustomLinkedList", "CustomLinkedList\CustomLinkedList.vcxproj", "{01889505-35BA-4B4C-A95A-D9A0865837B5}"
EndProject
Global
	GlobalSection(SolutionConfigurationPlatforms) = preSolution
		Debug|x64 = Debug|x64
		Debug|x86 = Debug|x86
		Release|x64 = Release|x64
		Release|x86 = Release|x86
	EndGlobalSection
	GlobalSection(ProjectConfigurationPlatforms) = postSolution
		{B73237AF-1631-42B9-AF69-E0BBD5F59CA6}.Debug|x64.ActiveCfg = Debug|x64
		{B73237AF-1631-42B9-AF69-E0BBD5F59CA6}.Debug|x64.Build.0 = Debug|x64
		{B73237AF-1631-42B9-AF69-E0BBD5F59CA6}.Debug|x86.ActiveCfg = Debug|Win32
		{B73237AF-1631-42B9-AF69-E0BBD5F59CA6}.Debug|x86.Build.0 = Debug|Win32
		{B73237AF-1631-42B9-AF69-E0BBD5F59CA6}.Release|x64.ActiveCfg = Release|x64
		{B73237AF-1631-42B9-AF69-E0BBD5F59CA6}.Release|x64.Build.0 = Release|x64
		{B73237AF-1631-42B9-AF69-E0BBD5F59CA6}.Release|x86.ActiveCfg = Release|Win32
		{B73237AF-1631-42B9-AF69-E0BBD5F59CA6}.Release|x86.Build.0 = Release|Win32
		{1DCBD81F-40A3-45B9-B770-C3D05107D89F}.Debug|x64.ActiveCfg = Debug|x64
		{1DCBD81F-40A3-45B9-B770-C3D05107D89F}.Debug|x64.Build.0 = Debug|x64
		{1DCBD81F-40A3-45B9-B770-C3D05107D89F}.Debug|x86.ActiveCfg = Debug|Win32
		{1DCBD81F-40A3-45B9-B770-C3D05107D89F}.Debug|x86.Build.0 = Debug|Win32
		{1DCBD81F-40A3-45B9-B770-C3D05107D89F}.Release|x64.ActiveCfg = Release|x64
		{1DCBD81F-40A3-45B9-B770-C3D05107D89F}.Release|x64.Build.0 = Release|x64
		{1DCBD81F-40A3-45B9-B770-C3D05107D89F}.Release|x86.ActiveCfg = Release|Win32
		{1DCBD81F-40A3-45B9-B770-C3D05107D89F}.Release|x86.Build.0 = Release|Win32
		{9A04A062-3708-41A8-9274-61309FEC5DEF}.Debug|x64.ActiveCfg = Debug|x64
		{9A04A062-3708-41A8-9274-61309FEC5DEF}.Debug|x64.Build.0 = Debug|x64
		{9A04A062-3708-41A8-9274-61309FEC5DEF}.Debug|x86.ActiveCfg = Debug|Win32
		{9A04A062-3708-41A8-9274-61309FEC5DEF}.Debug|x86.Build.0 = Debug|Win32
		{9A04A062-3708-41A8-9274-61309FEC5DEF}.Release|x64.ActiveCfg = Release|x64
		{9A04A062-3708-41A8-9274-61309FEC5DEF}.Release|x64.Build.0 = Release|x64
		{9A04A062-3708-41A8-9274-61309FEC5DEF}.Release|x86.ActiveCfg = Release|Win32
		{9A04A062-3708-41A8-9274-61309FEC5DEF}.Release|x86.Build.0 = Release|Win32
		{C9AE97D8-9D4F-4681-A0C7-5387041D925B}.Debug|x64.ActiveCfg = Debug|x64
		{C9AE97D8-9D4F-4681-A0C7-5387041D925B}.Debug|x64.Build.0 = Debug|x64
		{C9AE97D8-9D4F-4681-A0C7-5387041D925B}.Debug|x86.ActiveCfg = Debug|Win32
		{C9AE97D8-9D4F-4681-A0C7-5387041D925B}.Debug|x86.Build.0 = Debug|Win32
		{C9AE97D8-9D4F-4681-A0C7-5387041D925B}.Release|x64.ActiveCfg = Release|x64
		{C9AE97D8-9D4F-4681-A0C7-5387041D925B}.Release|x64.Build.0 = Release|x64
		{C9AE97D8-9D4F-4681-A0C7-5387041D925B}.Release|x86.ActiveCfg = Release|Win32
		{C9AE97D8-9D4F-4681-A0C7-5387041D925B}.Release|x86.Build.0 = Release|Win32
		{E8BF7001-9E70-4EC1-9EB4-09A7BAA92034}.Debug|x64.ActiveCfg = Debug|x64
		{E8BF7001-9E70-4EC1-9EB4-09A7BAA92034}.Debug|x64.Build.0 = Debug|x64
		{E8BF7001-9E70-4EC1-9EB4-09A7BAA92034}.Debug|x86.ActiveCfg = Debug|Win32
		{E8BF7001-9E70-4EC1-9EB4-09A7BAA92034}.Debug|x86.Build.0 = Debug|Win32
		{E8BF7001-9E70-4EC1-9EB4-09A7BAA92034}.Release|x64.ActiveCfg = Release|x64
		{E8BF7001-9E70-4EC1-9EB4-09A7BAA92034}.Release|x64.Build.0 = Release|x64
		{E8BF7001-9E70-4EC1-9EB4-09A7BAA92034}.Release|x86.ActiveCfg = Release|Win32
		{E8BF7001-9E70-4EC1-9EB4-09A7BAA92034}.Release|x86.Build.0 = Release|Win32
		{01889505-35BA-4B4C-A95A-D9A0865837B5}.Debug|x64.ActiveCfg = Debug|x64
		{01889505-35BA-4B4C-A95A-D9A0865837B5}.Debug|x64.Build.0 = Debug|x64
		{01889505-35BA-4B4C-A95A-D9A0865837B5}.Debug|x86.ActiveCfg = Debug|Win32
		{01889505-35BA-4B4C-A95A-D9A0865837B5}.Debug|x86.Build.0 = Debug|Win32
		{01889505-35BA-4B4C-A95A-D9A0865837B5}.Release|x64.ActiveCfg = Release|x64
		{01889505-35BA-4B4C-A95A-D9A0865837B5}.Release|x64.Build.0 = Release|x64
		{01889505-35BA-4B4C-A95A-D9A0865837B5}.Release|x86.ActiveCfg = Release|Win32
		{01889505-35BA-4B4C-A95A-D9A0865837B5}.Release|x86.Build.0 = Release|Win32
	EndGlobalSection
	GlobalSection(SolutionProperties) = preSolution
		HideSolutionNode = FALSE
	EndGlobalSection
	GlobalSection(ExtensibilityGlobals) = postSolution
		SolutionGuid = {38A858CC-40B7-47F1-A0F0-3DD0CC9A6BFB}
	EndGlobalSection
EndGlobal
